# This file is auto-generated by `zz`. DO NOT EDIT.
# Checksum: 5b419cef79a3053bb3be6f162fce768b9d39810b46d0f5bb1719ed2101797ec6
version = 1
manifest_deps_hash = "2a737f7ed51facdd530d933e64c56aee3aa23428e7fae42636044f584618b1b8"

[[deps]]
name = "table"
version = "0.6.0"
source = "registry+https://zz-registry.onrender.com/table#0.6.0"
hash = "d50557283a0184b98fc8d705ead61013c64426237f31a80fdd1e61892a81a9d0"
